<?xml version="1.0" encoding="utf-8"?>
<Project ToolsVersion="4.0" xmlns="http://schemas.microsoft.com/developer/msbuild/2003">
  <ItemGroup>
    <Filter Include="Исходные файлы">
      <UniqueIdentifier>{4FC737F1-C7A5-4376-A066-2A32D752A2FF}</UniqueIdentifier>
      <Extensions>cpp;c;cc;cxx;def;odl;idl;hpj;bat;asm;asmx</Extensions>
    </Filter>
    <Filter Include="Файлы заголовков">
      <UniqueIdentifier>{93995380-89BD-4b04-88EB-625FBE52EBFB}</UniqueIdentifier>
      <Extensions>h;hh;hpp;hxx;hm;inl;inc;ipp;xsd</Extensions>
    </Filter>
    <Filter Include="Файлы ресурсов">
      <UniqueIdentifier>{67DA6AB6-F800-4c08-8B7A-83BB121AAD01}</UniqueIdentifier>
      <Extensions>rc;ico;cur;bmp;dlg;rc2;rct;bin;rgs;gif;jpg;jpeg;jpe;resx;tiff;tif;png;wav;mfcribbon-ms</Extensions>
    </Filter>
    <Filter Include="Файлы заголовков\Trees">
      <UniqueIdentifier>{55100c49-c996-4f3a-9570-b174cf5bbaa4}</UniqueIdentifier>
    </Filter>
    <Filter Include="Файлы заголовков\Objects">
      <UniqueIdentifier>{14745f75-800c-46cd-b216-430258dfe484}</UniqueIdentifier>
    </Filter>
    <Filter Include="Файлы заголовков\Functions">
      <UniqueIdentifier>{39f8a954-5dc7-4d0b-a104-ebc25df6a494}</UniqueIdentifier>
    </Filter>
    <Filter Include="Файлы заголовков\Objects\cpp">
      <UniqueIdentifier>{a75c45bf-e2a2-43bd-a8f7-a8a9cc7844f5}</UniqueIdentifier>
    </Filter>
    <Filter Include="Файлы заголовков\Objects\h">
      <UniqueIdentifier>{708d63b5-be3c-4196-a8d4-25b6e20d849b}</UniqueIdentifier>
    </Filter>
  </ItemGroup>
  <ItemGroup>
    <ClCompile Include="Lab1.cpp">
      <Filter>Исходные файлы</Filter>
    </ClCompile>
    <ClCompile Include="menu.cpp">
      <Filter>Файлы ресурсов</Filter>
    </ClCompile>
    <ClCompile Include="Functions.h">
      <Filter>Файлы заголовков\Functions</Filter>
    </ClCompile>
    <ClCompile Include="Book.cpp">
      <Filter>Файлы заголовков\Objects\cpp</Filter>
    </ClCompile>
    <ClCompile Include="Hero.cpp">
      <Filter>Файлы заголовков\Objects\cpp</Filter>
    </ClCompile>
    <ClCompile Include="BookSeries.cpp">
      <Filter>Файлы заголовков\Objects\cpp</Filter>
    </ClCompile>
  </ItemGroup>
  <ItemGroup>
    <ClInclude Include="menu.h">
      <Filter>Файлы заголовков</Filter>
    </ClInclude>
    <ClInclude Include="BinarySearchTree.h">
      <Filter>Файлы заголовков\Trees</Filter>
    </ClInclude>
    <ClInclude Include="BinaryTree.h">
      <Filter>Файлы заголовков\Trees</Filter>
    </ClInclude>
    <ClInclude Include="Node.h">
      <Filter>Файлы заголовков</Filter>
    </ClInclude>
    <ClInclude Include="BookFunctions.h">
      <Filter>Файлы заголовков\Functions</Filter>
    </ClInclude>
    <ClInclude Include="NarrayTree.h">
      <Filter>Файлы заголовков\Trees</Filter>
    </ClInclude>
    <ClInclude Include="HeroFunctions.h">
      <Filter>Файлы заголовков\Functions</Filter>
    </ClInclude>
    <ClInclude Include="Hero.h">
      <Filter>Файлы заголовков\Objects\h</Filter>
    </ClInclude>
    <ClInclude Include="Book.h">
      <Filter>Файлы заголовков\Objects\h</Filter>
    </ClInclude>
    <ClInclude Include="BookSeries.h">
      <Filter>Файлы заголовков\Objects\h</Filter>
    </ClInclude>
    <ClInclude Include="BookSeriesFunctions.h">
      <Filter>Файлы заголовков\Functions</Filter>
    </ClInclude>
    <ClInclude Include="Part1.h">
      <Filter>Файлы заголовков\Objects\h</Filter>
    </ClInclude>
  </ItemGroup>
</Project>